
Microsoft Visual Studio Solution File, Format Version 12.00
# Visual Studio 15
VisualStudioVersion = 15.0.28010.2041
MinimumVisualStudioVersion = 10.0.40219.1
Project("{FAE04EC0-301F-11D3-BF4B-00C04F79EFBC}") = "ConsoleApp1", "ConsoleApp1\ConsoleApp1.csproj", "{23E045FF-949E-4D4A-A400-3310E4F1E44E}"
EndProject
Global
	GlobalSection(SolutionConfigurationPlatforms) = preSolution
		Debug|Any CPU = Debug|Any CPU
		Release|Any CPU = Release|Any CPU
	EndGlobalSection
	GlobalSection(ProjectConfigurationPlatforms) = postSolution
		{23E045FF-949E-4D4A-A400-3310E4F1E44E}.Debug|Any CPU.ActiveCfg = Debug|Any CPU
		{23E045FF-949E-4D4A-A400-3310E4F1E44E}.Debug|Any CPU.Build.0 = Debug|Any CPU
		{23E045FF-949E-4D4A-A400-3310E4F1E44E}.Release|Any CPU.ActiveCfg = Release|Any CPU
		{23E045FF-949E-4D4A-A400-3310E4F1E44E}.Release|Any CPU.Build.0 = Release|Any CPU
	EndGlobalSection
	GlobalSection(SolutionProperties) = preSolution
		HideSolutionNode = FALSE
	EndGlobalSection
	GlobalSection(ExtensibilityGlobals) = postSolution
		SolutionGuid = {AE5E5CE2-BD77-4694-9F24-DAD134F29BC6}
	EndGlobalSection
EndGlobal
